<Solution>
  <Folder Name="/src/" />
  <Folder Name="/src/BuildingBlocks/">
    <Project Path="src/Membera.Shared.Domain/Membera.Shared.Domain.csproj" Id="a4529200-7221-48c9-bdd7-a4aed812ccff" />
  </Folder>
  <Folder Name="/src/Services/" />
  <Folder Name="/src/Services/Auth/">
    <Project Path="src/services/auth/Membera.Auth.Api/Membera.Auth.Api.csproj" />
    <Project Path="src/services/auth/Membera.Auth.Application/Membera.Auth.Application.csproj" />
    <Project Path="src/services/auth/Membera.Auth.Domain/Membera.Auth.Domain.csproj" />
    <Project Path="src/services/auth/Membera.Auth.Infrastructure/Membera.Auth.Infrastructure.csproj" />
  </Folder>
  <Folder Name="/test/" />
</Solution>
